
Microsoft Visual Studio Solution File, Format Version 12.00
# Visual Studio Version 17
VisualStudioVersion = 17.6.33815.320
MinimumVisualStudioVersion = 10.0.40219.1
Project("{FAE04EC0-301F-11D3-BF4B-00C04F79EFBC}") = "ConsoleApp1", "ConsoleApp1.csproj", "{45922F1F-B238-4605-BB08-143D9C6E33EA}"
EndProject
Global
	GlobalSection(SolutionConfigurationPlatforms) = preSolution
		Debug|Any CPU = Debug|Any CPU
		Release|Any CPU = Release|Any CPU
	EndGlobalSection
	GlobalSection(ProjectConfigurationPlatforms) = postSolution
		{45922F1F-B238-4605-BB08-143D9C6E33EA}.Debug|Any CPU.ActiveCfg = Debug|Any CPU
		{45922F1F-B238-4605-BB08-143D9C6E33EA}.Debug|Any CPU.Build.0 = Debug|Any CPU
		{45922F1F-B238-4605-BB08-143D9C6E33EA}.Release|Any CPU.ActiveCfg = Release|Any CPU
		{45922F1F-B238-4605-BB08-143D9C6E33EA}.Release|Any CPU.Build.0 = Release|Any CPU
	EndGlobalSection
	GlobalSection(SolutionProperties) = preSolution
		HideSolutionNode = FALSE
	EndGlobalSection
	GlobalSection(ExtensibilityGlobals) = postSolution
		SolutionGuid = {D1DAEC88-49C0-49E1-A4E4-4C82836450A3}
	EndGlobalSection
EndGlobal
